<?xml version="1.0" encoding="utf-8"?>
<Project ToolsVersion="4.0" xmlns="http://schemas.microsoft.com/developer/msbuild/2003">
  <ItemGroup>
    <Filter Include="Source Files">
      <UniqueIdentifier>{4FC737F1-C7A5-4376-A066-2A32D752A2FF}</UniqueIdentifier>
      <Extensions>cpp;c;cc;cxx;def;odl;idl;hpj;bat;asm;asmx</Extensions>
    </Filter>
    <Filter Include="Header Files">
      <UniqueIdentifier>{93995380-89BD-4b04-88EB-625FBE52EBFB}</UniqueIdentifier>
      <Extensions>h;hh;hpp;hxx;hm;inl;inc;xsd</Extensions>
    </Filter>
    <Filter Include="Resource Files">
      <UniqueIdentifier>{67DA6AB6-F800-4c08-8B7A-83BB121AAD01}</UniqueIdentifier>
      <Extensions>rc;ico;cur;bmp;dlg;rc2;rct;bin;rgs;gif;jpg;jpeg;jpe;resx;tiff;tif;png;wav</Extensions>
    </Filter>
  </ItemGroup>
  <ItemGroup>
    <ClCompile Include="00_hello_world\main.cpp">
      <Filter>Source Files</Filter>
    </ClCompile>
    <ClCompile Include="01_variable&amp;add\main.cpp">
      <Filter>Source Files</Filter>
    </ClCompile>
    <ClCompile Include="02_function\main.cpp">
      <Filter>Source Files</Filter>
    </ClCompile>
    <ClCompile Include="03_argument&amp;parameter\main.cpp">
      <Filter>Source Files</Filter>
    </ClCompile>
    <ClCompile Include="04_static\main.cpp">
      <Filter>Source Files</Filter>
    </ClCompile>
    <ClCompile Include="05_constexpr\main.cpp">
      <Filter>Source Files</Filter>
    </ClCompile>
    <ClCompile Include="06_loop\main.cpp">
      <Filter>Source Files</Filter>
    </ClCompile>
    <ClCompile Include="07_enum&amp;union\main.cpp">
      <Filter>Source Files</Filter>
    </ClCompile>
    <ClCompile Include="08_trivial\main.cpp">
      <Filter>Source Files</Filter>
    </ClCompile>
    <ClCompile Include="09_method\main.cpp">
      <Filter>Source Files</Filter>
    </ClCompile>
    <ClCompile Include="10_method_const\main.cpp">
      <Filter>Source Files</Filter>
    </ClCompile>
    <ClCompile Include="11_class\main.cpp">
      <Filter>Source Files</Filter>
    </ClCompile>
    <ClCompile Include="12_class_destruct\main.cpp">
      <Filter>Source Files</Filter>
    </ClCompile>
    <ClCompile Include="13_class_clone\main.cpp">
      <Filter>Source Files</Filter>
    </ClCompile>
    <ClCompile Include="14_class_move\main.cpp">
      <Filter>Source Files</Filter>
    </ClCompile>
    <ClCompile Include="15_class_derive\main.cpp">
      <Filter>Source Files</Filter>
    </ClCompile>
    <ClCompile Include="16_class_virtual\main.cpp">
      <Filter>Source Files</Filter>
    </ClCompile>
    <ClCompile Include="17_class_virtual_destruct\main.cpp">
      <Filter>Source Files</Filter>
    </ClCompile>
    <ClCompile Include="18_function_template\main.cpp">
      <Filter>Source Files</Filter>
    </ClCompile>
    <ClCompile Include="19_runtime_datatype\main.cpp">
      <Filter>Source Files</Filter>
    </ClCompile>
    <ClCompile Include="20_class_template\main.cpp">
      <Filter>Source Files</Filter>
    </ClCompile>
    <ClCompile Include="21_template_const\main.cpp">
      <Filter>Source Files</Filter>
    </ClCompile>
    <ClCompile Include="22_std_array\main.cpp">
      <Filter>Source Files</Filter>
    </ClCompile>
    <ClCompile Include="23_std_vector\main.cpp">
      <Filter>Source Files</Filter>
    </ClCompile>
    <ClCompile Include="24_std_vector_bool\main.cpp">
      <Filter>Source Files</Filter>
    </ClCompile>
    <ClCompile Include="25_strides\main.cpp">
      <Filter>Source Files</Filter>
    </ClCompile>
    <ClCompile Include="26_std_string\main.cpp">
      <Filter>Source Files</Filter>
    </ClCompile>
    <ClCompile Include="27_std_map\main.cpp">
      <Filter>Source Files</Filter>
    </ClCompile>
    <ClCompile Include="28_std_transform\main.cpp">
      <Filter>Source Files</Filter>
    </ClCompile>
    <ClCompile Include="29_std_accumulate\main.cpp">
      <Filter>Source Files</Filter>
    </ClCompile>
  </ItemGroup>
  <ItemGroup>
    <ClInclude Include="exercise.h">
      <Filter>Header Files</Filter>
    </ClInclude>
  </ItemGroup>
</Project>